
Microsoft Visual Studio Solution File, Format Version 11.00
# Visual Studio 2010
Project("{FAE04EC0-301F-11D3-BF4B-00C04F79EFBC}") = "NDummy", "NDummy\NDummy.csproj", "{A3742B57-2219-42C7-A184-AEB1C22E3BD5}"
EndProject
Project("{FAE04EC0-301F-11D3-BF4B-00C04F79EFBC}") = "NDummy.Tests", "NDummy.Tests\NDummy.Tests.csproj", "{3B45FD84-654F-4486-9EF9-5E0473C4E014}"
EndProject
Global
	GlobalSection(SolutionConfigurationPlatforms) = preSolution
		Debug|Any CPU = Debug|Any CPU
		Release|Any CPU = Release|Any CPU
	EndGlobalSection
	GlobalSection(ProjectConfigurationPlatforms) = postSolution
		{A3742B57-2219-42C7-A184-AEB1C22E3BD5}.Debug|Any CPU.ActiveCfg = Debug|Any CPU
		{A3742B57-2219-42C7-A184-AEB1C22E3BD5}.Debug|Any CPU.Build.0 = Debug|Any CPU
		{A3742B57-2219-42C7-A184-AEB1C22E3BD5}.Release|Any CPU.ActiveCfg = Release|Any CPU
		{A3742B57-2219-42C7-A184-AEB1C22E3BD5}.Release|Any CPU.Build.0 = Release|Any CPU
		{3B45FD84-654F-4486-9EF9-5E0473C4E014}.Debug|Any CPU.ActiveCfg = Debug|Any CPU
		{3B45FD84-654F-4486-9EF9-5E0473C4E014}.Debug|Any CPU.Build.0 = Debug|Any CPU
		{3B45FD84-654F-4486-9EF9-5E0473C4E014}.Release|Any CPU.ActiveCfg = Release|Any CPU
		{3B45FD84-654F-4486-9EF9-5E0473C4E014}.Release|Any CPU.Build.0 = Release|Any CPU
	EndGlobalSection
	GlobalSection(SolutionProperties) = preSolution
		HideSolutionNode = FALSE
	EndGlobalSection
EndGlobal
